
Microsoft Visual Studio Solution File, Format Version 12.00
# Visual Studio Version 16
VisualStudioVersion = 16.0.29806.167
MinimumVisualStudioVersion = 10.0.40219.1
Project("{FAE04EC0-301F-11D3-BF4B-00C04F79EFBC}") = "AppQuantidade.UWP", "AppQuantidade\AppQuantidade.UWP\AppQuantidade.UWP.csproj", "{F38B040A-6E92-4436-961B-3942779551DD}"
EndProject
Project("{FAE04EC0-301F-11D3-BF4B-00C04F79EFBC}") = "AppQuantidade.Android", "AppQuantidade\AppQuantidade.Android\AppQuantidade.Android.csproj", "{3E1AEF94-ECA3-4905-BB71-D3E5929AE5F6}"
EndProject
Project("{FAE04EC0-301F-11D3-BF4B-00C04F79EFBC}") = "AppQuantidade.iOS", "AppQuantidade\AppQuantidade.iOS\AppQuantidade.iOS.csproj", "{50C7FB8E-BDB7-441B-A22B-D65754347AB7}"
EndProject
Project("{FAE04EC0-301F-11D3-BF4B-00C04F79EFBC}") = "AppQuantidade", "AppQuantidade\AppQuantidade\AppQuantidade.csproj", "{150DEECF-E00E-4EAE-BA15-7F465B77707E}"
EndProject
Global
	GlobalSection(SolutionConfigurationPlatforms) = preSolution
		Debug|Any CPU = Debug|Any CPU
		Debug|ARM = Debug|ARM
		Debug|iPhone = Debug|iPhone
		Debug|iPhoneSimulator = Debug|iPhoneSimulator
		Debug|x64 = Debug|x64
		Debug|x86 = Debug|x86
		Release|Any CPU = Release|Any CPU
		Release|ARM = Release|ARM
		Release|iPhone = Release|iPhone
		Release|iPhoneSimulator = Release|iPhoneSimulator
		Release|x64 = Release|x64
		Release|x86 = Release|x86
	EndGlobalSection
	GlobalSection(ProjectConfigurationPlatforms) = postSolution
		{F38B040A-6E92-4436-961B-3942779551DD}.Debug|Any CPU.ActiveCfg = Debug|x86
		{F38B040A-6E92-4436-961B-3942779551DD}.Debug|Any CPU.Build.0 = Debug|x86
		{F38B040A-6E92-4436-961B-3942779551DD}.Debug|Any CPU.Deploy.0 = Debug|x86
		{F38B040A-6E92-4436-961B-3942779551DD}.Debug|ARM.ActiveCfg = Debug|ARM
		{F38B040A-6E92-4436-961B-3942779551DD}.Debug|ARM.Build.0 = Debug|ARM
		{F38B040A-6E92-4436-961B-3942779551DD}.Debug|ARM.Deploy.0 = Debug|ARM
		{F38B040A-6E92-4436-961B-3942779551DD}.Debug|iPhone.ActiveCfg = Debug|x86
		{F38B040A-6E92-4436-961B-3942779551DD}.Debug|iPhone.Build.0 = Debug|x86
		{F38B040A-6E92-4436-961B-3942779551DD}.Debug|iPhone.Deploy.0 = Debug|x86
		{F38B040A-6E92-4436-961B-3942779551DD}.Debug|iPhoneSimulator.ActiveCfg = Debug|x86
		{F38B040A-6E92-4436-961B-3942779551DD}.Debug|iPhoneSimulator.Build.0 = Debug|x86
		{F38B040A-6E92-4436-961B-3942779551DD}.Debug|iPhoneSimulator.Deploy.0 = Debug|x86
		{F38B040A-6E92-4436-961B-3942779551DD}.Debug|x64.ActiveCfg = Debug|x64
		{F38B040A-6E92-4436-961B-3942779551DD}.Debug|x64.Build.0 = Debug|x64
		{F38B040A-6E92-4436-961B-3942779551DD}.Debug|x64.Deploy.0 = Debug|x64
		{F38B040A-6E92-4436-961B-3942779551DD}.Debug|x86.ActiveCfg = Debug|x86
		{F38B040A-6E92-4436-961B-3942779551DD}.Debug|x86.Build.0 = Debug|x86
		{F38B040A-6E92-4436-961B-3942779551DD}.Debug|x86.Deploy.0 = Debug|x86
		{F38B040A-6E92-4436-961B-3942779551DD}.Release|Any CPU.ActiveCfg = Release|x86
		{F38B040A-6E92-4436-961B-3942779551DD}.Release|Any CPU.Build.0 = Release|x86
		{F38B040A-6E92-4436-961B-3942779551DD}.Release|Any CPU.Deploy.0 = Release|x86
		{F38B040A-6E92-4436-961B-3942779551DD}.Release|ARM.ActiveCfg = Release|ARM
		{F38B040A-6E92-4436-961B-3942779551DD}.Release|ARM.Build.0 = Release|ARM
		{F38B040A-6E92-4436-961B-3942779551DD}.Release|ARM.Deploy.0 = Release|ARM
		{F38B040A-6E92-4436-961B-3942779551DD}.Release|iPhone.ActiveCfg = Release|x86
		{F38B040A-6E92-4436-961B-3942779551DD}.Release|iPhone.Build.0 = Release|x86
		{F38B040A-6E92-4436-961B-3942779551DD}.Release|iPhone.Deploy.0 = Release|x86
		{F38B040A-6E92-4436-961B-3942779551DD}.Release|iPhoneSimulator.ActiveCfg = Release|x86
		{F38B040A-6E92-4436-961B-3942779551DD}.Release|iPhoneSimulator.Build.0 = Release|x86
		{F38B040A-6E92-4436-961B-3942779551DD}.Release|iPhoneSimulator.Deploy.0 = Release|x86
		{F38B040A-6E92-4436-961B-3942779551DD}.Release|x64.ActiveCfg = Release|x64
		{F38B040A-6E92-4436-961B-3942779551DD}.Release|x64.Build.0 = Release|x64
		{F38B040A-6E92-4436-961B-3942779551DD}.Release|x64.Deploy.0 = Release|x64
		{F38B040A-6E92-4436-961B-3942779551DD}.Release|x86.ActiveCfg = Release|x86
		{F38B040A-6E92-4436-961B-3942779551DD}.Release|x86.Build.0 = Release|x86
		{F38B040A-6E92-4436-961B-3942779551DD}.Release|x86.Deploy.0 = Release|x86
		{3E1AEF94-ECA3-4905-BB71-D3E5929AE5F6}.Debug|Any CPU.ActiveCfg = Debug|Any CPU
		{3E1AEF94-ECA3-4905-BB71-D3E5929AE5F6}.Debug|Any CPU.Build.0 = Debug|Any CPU
		{3E1AEF94-ECA3-4905-BB71-D3E5929AE5F6}.Debug|Any CPU.Deploy.0 = Debug|Any CPU
		{3E1AEF94-ECA3-4905-BB71-D3E5929AE5F6}.Debug|ARM.ActiveCfg = Debug|Any CPU
		{3E1AEF94-ECA3-4905-BB71-D3E5929AE5F6}.Debug|ARM.Build.0 = Debug|Any CPU
		{3E1AEF94-ECA3-4905-BB71-D3E5929AE5F6}.Debug|ARM.Deploy.0 = Debug|Any CPU
		{3E1AEF94-ECA3-4905-BB71-D3E5929AE5F6}.Debug|iPhone.ActiveCfg = Debug|Any CPU
		{3E1AEF94-ECA3-4905-BB71-D3E5929AE5F6}.Debug|iPhone.Build.0 = Debug|Any CPU
		{3E1AEF94-ECA3-4905-BB71-D3E5929AE5F6}.Debug|iPhone.Deploy.0 = Debug|Any CPU
		{3E1AEF94-ECA3-4905-BB71-D3E5929AE5F6}.Debug|iPhoneSimulator.ActiveCfg = Debug|Any CPU
		{3E1AEF94-ECA3-4905-BB71-D3E5929AE5F6}.Debug|iPhoneSimulator.Build.0 = Debug|Any CPU
		{3E1AEF94-ECA3-4905-BB71-D3E5929AE5F6}.Debug|iPhoneSimulator.Deploy.0 = Debug|Any CPU
		{3E1AEF94-ECA3-4905-BB71-D3E5929AE5F6}.Debug|x64.ActiveCfg = Debug|Any CPU
		{3E1AEF94-ECA3-4905-BB71-D3E5929AE5F6}.Debug|x64.Build.0 = Debug|Any CPU
		{3E1AEF94-ECA3-4905-BB71-D3E5929AE5F6}.Debug|x64.Deploy.0 = Debug|Any CPU
		{3E1AEF94-ECA3-4905-BB71-D3E5929AE5F6}.Debug|x86.ActiveCfg = Debug|Any CPU
		{3E1AEF94-ECA3-4905-BB71-D3E5929AE5F6}.Debug|x86.Build.0 = Debug|Any CPU
		{3E1AEF94-ECA3-4905-BB71-D3E5929AE5F6}.Debug|x86.Deploy.0 = Debug|Any CPU
		{3E1AEF94-ECA3-4905-BB71-D3E5929AE5F6}.Release|Any CPU.ActiveCfg = Release|Any CPU
		{3E1AEF94-ECA3-4905-BB71-D3E5929AE5F6}.Release|Any CPU.Build.0 = Release|Any CPU
		{3E1AEF94-ECA3-4905-BB71-D3E5929AE5F6}.Release|Any CPU.Deploy.0 = Release|Any CPU
		{3E1AEF94-ECA3-4905-BB71-D3E5929AE5F6}.Release|ARM.ActiveCfg = Release|Any CPU
		{3E1AEF94-ECA3-4905-BB71-D3E5929AE5F6}.Release|ARM.Build.0 = Release|Any CPU
		{3E1AEF94-ECA3-4905-BB71-D3E5929AE5F6}.Release|ARM.Deploy.0 = Release|Any CPU
		{3E1AEF94-ECA3-4905-BB71-D3E5929AE5F6}.Release|iPhone.ActiveCfg = Release|Any CPU
		{3E1AEF94-ECA3-4905-BB71-D3E5929AE5F6}.Release|iPhone.Build.0 = Release|Any CPU
		{3E1AEF94-ECA3-4905-BB71-D3E5929AE5F6}.Release|iPhone.Deploy.0 = Release|Any CPU
		{3E1AEF94-ECA3-4905-BB71-D3E5929AE5F6}.Release|iPhoneSimulator.ActiveCfg = Release|Any CPU
		{3E1AEF94-ECA3-4905-BB71-D3E5929AE5F6}.Release|iPhoneSimulator.Build.0 = Release|Any CPU
		{3E1AEF94-ECA3-4905-BB71-D3E5929AE5F6}.Release|iPhoneSimulator.Deploy.0 = Release|Any CPU
		{3E1AEF94-ECA3-4905-BB71-D3E5929AE5F6}.Release|x64.ActiveCfg = Release|Any CPU
		{3E1AEF94-ECA3-4905-BB71-D3E5929AE5F6}.Release|x64.Build.0 = Release|Any CPU
		{3E1AEF94-ECA3-4905-BB71-D3E5929AE5F6}.Release|x64.Deploy.0 = Release|Any CPU
		{3E1AEF94-ECA3-4905-BB71-D3E5929AE5F6}.Release|x86.ActiveCfg = Release|Any CPU
		{3E1AEF94-ECA3-4905-BB71-D3E5929AE5F6}.Release|x86.Build.0 = Release|Any CPU
		{3E1AEF94-ECA3-4905-BB71-D3E5929AE5F6}.Release|x86.Deploy.0 = Release|Any CPU
		{50C7FB8E-BDB7-441B-A22B-D65754347AB7}.Debug|Any CPU.ActiveCfg = Debug|iPhone
		{50C7FB8E-BDB7-441B-A22B-D65754347AB7}.Debug|Any CPU.Build.0 = Debug|iPhone
		{50C7FB8E-BDB7-441B-A22B-D65754347AB7}.Debug|Any CPU.Deploy.0 = Debug|iPhone
		{50C7FB8E-BDB7-441B-A22B-D65754347AB7}.Debug|ARM.ActiveCfg = Debug|iPhoneSimulator
		{50C7FB8E-BDB7-441B-A22B-D65754347AB7}.Debug|ARM.Build.0 = Debug|iPhoneSimulator
		{50C7FB8E-BDB7-441B-A22B-D65754347AB7}.Debug|ARM.Deploy.0 = Debug|iPhoneSimulator
		{50C7FB8E-BDB7-441B-A22B-D65754347AB7}.Debug|iPhone.ActiveCfg = Debug|iPhone
		{50C7FB8E-BDB7-441B-A22B-D65754347AB7}.Debug|iPhone.Build.0 = Debug|iPhone
		{50C7FB8E-BDB7-441B-A22B-D65754347AB7}.Debug|iPhone.Deploy.0 = Debug|iPhone
		{50C7FB8E-BDB7-441B-A22B-D65754347AB7}.Debug|iPhoneSimulator.ActiveCfg = Debug|iPhoneSimulator
		{50C7FB8E-BDB7-441B-A22B-D65754347AB7}.Debug|iPhoneSimulator.Build.0 = Debug|iPhoneSimulator
		{50C7FB8E-BDB7-441B-A22B-D65754347AB7}.Debug|iPhoneSimulator.Deploy.0 = Debug|iPhoneSimulator
		{50C7FB8E-BDB7-441B-A22B-D65754347AB7}.Debug|x64.ActiveCfg = Debug|iPhone
		{50C7FB8E-BDB7-441B-A22B-D65754347AB7}.Debug|x64.Build.0 = Debug|iPhone
		{50C7FB8E-BDB7-441B-A22B-D65754347AB7}.Debug|x64.Deploy.0 = Debug|iPhone
		{50C7FB8E-BDB7-441B-A22B-D65754347AB7}.Debug|x86.ActiveCfg = Debug|iPhone
		{50C7FB8E-BDB7-441B-A22B-D65754347AB7}.Debug|x86.Build.0 = Debug|iPhone
		{50C7FB8E-BDB7-441B-A22B-D65754347AB7}.Debug|x86.Deploy.0 = Debug|iPhone
		{50C7FB8E-BDB7-441B-A22B-D65754347AB7}.Release|Any CPU.ActiveCfg = Release|iPhone
		{50C7FB8E-BDB7-441B-A22B-D65754347AB7}.Release|Any CPU.Build.0 = Release|iPhone
		{50C7FB8E-BDB7-441B-A22B-D65754347AB7}.Release|Any CPU.Deploy.0 = Release|iPhone
		{50C7FB8E-BDB7-441B-A22B-D65754347AB7}.Release|ARM.ActiveCfg = Release|iPhone
		{50C7FB8E-BDB7-441B-A22B-D65754347AB7}.Release|ARM.Build.0 = Release|iPhone
		{50C7FB8E-BDB7-441B-A22B-D65754347AB7}.Release|ARM.Deploy.0 = Release|iPhone
		{50C7FB8E-BDB7-441B-A22B-D65754347AB7}.Release|iPhone.ActiveCfg = Release|iPhone
		{50C7FB8E-BDB7-441B-A22B-D65754347AB7}.Release|iPhone.Build.0 = Release|iPhone
		{50C7FB8E-BDB7-441B-A22B-D65754347AB7}.Release|iPhone.Deploy.0 = Release|iPhone
		{50C7FB8E-BDB7-441B-A22B-D65754347AB7}.Release|iPhoneSimulator.ActiveCfg = Release|iPhoneSimulator
		{50C7FB8E-BDB7-441B-A22B-D65754347AB7}.Release|iPhoneSimulator.Build.0 = Release|iPhoneSimulator
		{50C7FB8E-BDB7-441B-A22B-D65754347AB7}.Release|iPhoneSimulator.Deploy.0 = Release|iPhoneSimulator
		{50C7FB8E-BDB7-441B-A22B-D65754347AB7}.Release|x64.ActiveCfg = Release|iPhone
		{50C7FB8E-BDB7-441B-A22B-D65754347AB7}.Release|x64.Build.0 = Release|iPhone
		{50C7FB8E-BDB7-441B-A22B-D65754347AB7}.Release|x64.Deploy.0 = Release|iPhone
		{50C7FB8E-BDB7-441B-A22B-D65754347AB7}.Release|x86.ActiveCfg = Release|iPhone
		{50C7FB8E-BDB7-441B-A22B-D65754347AB7}.Release|x86.Build.0 = Release|iPhone
		{50C7FB8E-BDB7-441B-A22B-D65754347AB7}.Release|x86.Deploy.0 = Release|iPhone
		{150DEECF-E00E-4EAE-BA15-7F465B77707E}.Debug|Any CPU.ActiveCfg = Debug|Any CPU
		{150DEECF-E00E-4EAE-BA15-7F465B77707E}.Debug|Any CPU.Build.0 = Debug|Any CPU
		{150DEECF-E00E-4EAE-BA15-7F465B77707E}.Debug|Any CPU.Deploy.0 = Debug|Any CPU
		{150DEECF-E00E-4EAE-BA15-7F465B77707E}.Debug|ARM.ActiveCfg = Debug|Any CPU
		{150DEECF-E00E-4EAE-BA15-7F465B77707E}.Debug|ARM.Build.0 = Debug|Any CPU
		{150DEECF-E00E-4EAE-BA15-7F465B77707E}.Debug|ARM.Deploy.0 = Debug|Any CPU
		{150DEECF-E00E-4EAE-BA15-7F465B77707E}.Debug|iPhone.ActiveCfg = Debug|Any CPU
		{150DEECF-E00E-4EAE-BA15-7F465B77707E}.Debug|iPhone.Build.0 = Debug|Any CPU
		{150DEECF-E00E-4EAE-BA15-7F465B77707E}.Debug|iPhone.Deploy.0 = Debug|Any CPU
		{150DEECF-E00E-4EAE-BA15-7F465B77707E}.Debug|iPhoneSimulator.ActiveCfg = Debug|Any CPU
		{150DEECF-E00E-4EAE-BA15-7F465B77707E}.Debug|iPhoneSimulator.Build.0 = Debug|Any CPU
		{150DEECF-E00E-4EAE-BA15-7F465B77707E}.Debug|iPhoneSimulator.Deploy.0 = Debug|Any CPU
		{150DEECF-E00E-4EAE-BA15-7F465B77707E}.Debug|x64.ActiveCfg = Debug|Any CPU
		{150DEECF-E00E-4EAE-BA15-7F465B77707E}.Debug|x64.Build.0 = Debug|Any CPU
		{150DEECF-E00E-4EAE-BA15-7F465B77707E}.Debug|x64.Deploy.0 = Debug|Any CPU
		{150DEECF-E00E-4EAE-BA15-7F465B77707E}.Debug|x86.ActiveCfg = Debug|Any CPU
		{150DEECF-E00E-4EAE-BA15-7F465B77707E}.Debug|x86.Build.0 = Debug|Any CPU
		{150DEECF-E00E-4EAE-BA15-7F465B77707E}.Debug|x86.Deploy.0 = Debug|Any CPU
		{150DEECF-E00E-4EAE-BA15-7F465B77707E}.Release|Any CPU.ActiveCfg = Release|Any CPU
		{150DEECF-E00E-4EAE-BA15-7F465B77707E}.Release|Any CPU.Build.0 = Release|Any CPU
		{150DEECF-E00E-4EAE-BA15-7F465B77707E}.Release|Any CPU.Deploy.0 = Release|Any CPU
		{150DEECF-E00E-4EAE-BA15-7F465B77707E}.Release|ARM.ActiveCfg = Release|Any CPU
		{150DEECF-E00E-4EAE-BA15-7F465B77707E}.Release|ARM.Build.0 = Release|Any CPU
		{150DEECF-E00E-4EAE-BA15-7F465B77707E}.Release|ARM.Deploy.0 = Release|Any CPU
		{150DEECF-E00E-4EAE-BA15-7F465B77707E}.Release|iPhone.ActiveCfg = Release|Any CPU
		{150DEECF-E00E-4EAE-BA15-7F465B77707E}.Release|iPhone.Build.0 = Release|Any CPU
		{150DEECF-E00E-4EAE-BA15-7F465B77707E}.Release|iPhone.Deploy.0 = Release|Any CPU
		{150DEECF-E00E-4EAE-BA15-7F465B77707E}.Release|iPhoneSimulator.ActiveCfg = Release|Any CPU
		{150DEECF-E00E-4EAE-BA15-7F465B77707E}.Release|iPhoneSimulator.Build.0 = Release|Any CPU
		{150DEECF-E00E-4EAE-BA15-7F465B77707E}.Release|iPhoneSimulator.Deploy.0 = Release|Any CPU
		{150DEECF-E00E-4EAE-BA15-7F465B77707E}.Release|x64.ActiveCfg = Release|Any CPU
		{150DEECF-E00E-4EAE-BA15-7F465B77707E}.Release|x64.Build.0 = Release|Any CPU
		{150DEECF-E00E-4EAE-BA15-7F465B77707E}.Release|x64.Deploy.0 = Release|Any CPU
		{150DEECF-E00E-4EAE-BA15-7F465B77707E}.Release|x86.ActiveCfg = Release|Any CPU
		{150DEECF-E00E-4EAE-BA15-7F465B77707E}.Release|x86.Build.0 = Release|Any CPU
		{150DEECF-E00E-4EAE-BA15-7F465B77707E}.Release|x86.Deploy.0 = Release|Any CPU
	EndGlobalSection
	GlobalSection(SolutionProperties) = preSolution
		HideSolutionNode = FALSE
	EndGlobalSection
	GlobalSection(ExtensibilityGlobals) = postSolution
		SolutionGuid = {C20914FB-4090-4AA7-B670-B957B56C6E2B}
	EndGlobalSection
EndGlobal
