
Microsoft Visual Studio Solution File, Format Version 12.00
# Visual Studio Version 16
VisualStudioVersion = 16.0.29806.167
MinimumVisualStudioVersion = 10.0.40219.1
Project("{FAE04EC0-301F-11D3-BF4B-00C04F79EFBC}") = "AppGallery.UWP", "AppGallery\AppGallery.UWP\AppGallery.UWP.csproj", "{8A50D351-0945-4DB2-B5D0-4999D4BEDA45}"
EndProject
Project("{FAE04EC0-301F-11D3-BF4B-00C04F79EFBC}") = "AppGallery.Android", "AppGallery\AppGallery.Android\AppGallery.Android.csproj", "{FC237441-4D3B-474D-A466-05C8DD877BCC}"
EndProject
Project("{FAE04EC0-301F-11D3-BF4B-00C04F79EFBC}") = "AppGallery.iOS", "AppGallery\AppGallery.iOS\AppGallery.iOS.csproj", "{33E0A005-5E50-4E06-A590-7FC5D8717952}"
EndProject
Project("{9A19103F-16F7-4668-BE54-9A1E7A4F7556}") = "AppGallery", "AppGallery\AppGallery\AppGallery.csproj", "{503C428E-9523-44E0-81BC-C9E329F51E21}"
EndProject
Global
	GlobalSection(SolutionConfigurationPlatforms) = preSolution
		Debug|Any CPU = Debug|Any CPU
		Debug|ARM = Debug|ARM
		Debug|iPhone = Debug|iPhone
		Debug|iPhoneSimulator = Debug|iPhoneSimulator
		Debug|x64 = Debug|x64
		Debug|x86 = Debug|x86
		Release|Any CPU = Release|Any CPU
		Release|ARM = Release|ARM
		Release|iPhone = Release|iPhone
		Release|iPhoneSimulator = Release|iPhoneSimulator
		Release|x64 = Release|x64
		Release|x86 = Release|x86
	EndGlobalSection
	GlobalSection(ProjectConfigurationPlatforms) = postSolution
		{8A50D351-0945-4DB2-B5D0-4999D4BEDA45}.Debug|Any CPU.ActiveCfg = Debug|x86
		{8A50D351-0945-4DB2-B5D0-4999D4BEDA45}.Debug|Any CPU.Build.0 = Debug|x86
		{8A50D351-0945-4DB2-B5D0-4999D4BEDA45}.Debug|Any CPU.Deploy.0 = Debug|x86
		{8A50D351-0945-4DB2-B5D0-4999D4BEDA45}.Debug|ARM.ActiveCfg = Debug|ARM
		{8A50D351-0945-4DB2-B5D0-4999D4BEDA45}.Debug|ARM.Build.0 = Debug|ARM
		{8A50D351-0945-4DB2-B5D0-4999D4BEDA45}.Debug|ARM.Deploy.0 = Debug|ARM
		{8A50D351-0945-4DB2-B5D0-4999D4BEDA45}.Debug|iPhone.ActiveCfg = Debug|x86
		{8A50D351-0945-4DB2-B5D0-4999D4BEDA45}.Debug|iPhone.Build.0 = Debug|x86
		{8A50D351-0945-4DB2-B5D0-4999D4BEDA45}.Debug|iPhone.Deploy.0 = Debug|x86
		{8A50D351-0945-4DB2-B5D0-4999D4BEDA45}.Debug|iPhoneSimulator.ActiveCfg = Debug|x86
		{8A50D351-0945-4DB2-B5D0-4999D4BEDA45}.Debug|iPhoneSimulator.Build.0 = Debug|x86
		{8A50D351-0945-4DB2-B5D0-4999D4BEDA45}.Debug|iPhoneSimulator.Deploy.0 = Debug|x86
		{8A50D351-0945-4DB2-B5D0-4999D4BEDA45}.Debug|x64.ActiveCfg = Debug|x64
		{8A50D351-0945-4DB2-B5D0-4999D4BEDA45}.Debug|x64.Build.0 = Debug|x64
		{8A50D351-0945-4DB2-B5D0-4999D4BEDA45}.Debug|x64.Deploy.0 = Debug|x64
		{8A50D351-0945-4DB2-B5D0-4999D4BEDA45}.Debug|x86.ActiveCfg = Debug|x86
		{8A50D351-0945-4DB2-B5D0-4999D4BEDA45}.Debug|x86.Build.0 = Debug|x86
		{8A50D351-0945-4DB2-B5D0-4999D4BEDA45}.Debug|x86.Deploy.0 = Debug|x86
		{8A50D351-0945-4DB2-B5D0-4999D4BEDA45}.Release|Any CPU.ActiveCfg = Release|x86
		{8A50D351-0945-4DB2-B5D0-4999D4BEDA45}.Release|Any CPU.Build.0 = Release|x86
		{8A50D351-0945-4DB2-B5D0-4999D4BEDA45}.Release|Any CPU.Deploy.0 = Release|x86
		{8A50D351-0945-4DB2-B5D0-4999D4BEDA45}.Release|ARM.ActiveCfg = Release|ARM
		{8A50D351-0945-4DB2-B5D0-4999D4BEDA45}.Release|ARM.Build.0 = Release|ARM
		{8A50D351-0945-4DB2-B5D0-4999D4BEDA45}.Release|ARM.Deploy.0 = Release|ARM
		{8A50D351-0945-4DB2-B5D0-4999D4BEDA45}.Release|iPhone.ActiveCfg = Release|x86
		{8A50D351-0945-4DB2-B5D0-4999D4BEDA45}.Release|iPhone.Build.0 = Release|x86
		{8A50D351-0945-4DB2-B5D0-4999D4BEDA45}.Release|iPhone.Deploy.0 = Release|x86
		{8A50D351-0945-4DB2-B5D0-4999D4BEDA45}.Release|iPhoneSimulator.ActiveCfg = Release|x86
		{8A50D351-0945-4DB2-B5D0-4999D4BEDA45}.Release|iPhoneSimulator.Build.0 = Release|x86
		{8A50D351-0945-4DB2-B5D0-4999D4BEDA45}.Release|iPhoneSimulator.Deploy.0 = Release|x86
		{8A50D351-0945-4DB2-B5D0-4999D4BEDA45}.Release|x64.ActiveCfg = Release|x64
		{8A50D351-0945-4DB2-B5D0-4999D4BEDA45}.Release|x64.Build.0 = Release|x64
		{8A50D351-0945-4DB2-B5D0-4999D4BEDA45}.Release|x64.Deploy.0 = Release|x64
		{8A50D351-0945-4DB2-B5D0-4999D4BEDA45}.Release|x86.ActiveCfg = Release|x86
		{8A50D351-0945-4DB2-B5D0-4999D4BEDA45}.Release|x86.Build.0 = Release|x86
		{8A50D351-0945-4DB2-B5D0-4999D4BEDA45}.Release|x86.Deploy.0 = Release|x86
		{FC237441-4D3B-474D-A466-05C8DD877BCC}.Debug|Any CPU.ActiveCfg = Debug|Any CPU
		{FC237441-4D3B-474D-A466-05C8DD877BCC}.Debug|Any CPU.Build.0 = Debug|Any CPU
		{FC237441-4D3B-474D-A466-05C8DD877BCC}.Debug|Any CPU.Deploy.0 = Debug|Any CPU
		{FC237441-4D3B-474D-A466-05C8DD877BCC}.Debug|ARM.ActiveCfg = Debug|Any CPU
		{FC237441-4D3B-474D-A466-05C8DD877BCC}.Debug|ARM.Build.0 = Debug|Any CPU
		{FC237441-4D3B-474D-A466-05C8DD877BCC}.Debug|ARM.Deploy.0 = Debug|Any CPU
		{FC237441-4D3B-474D-A466-05C8DD877BCC}.Debug|iPhone.ActiveCfg = Debug|Any CPU
		{FC237441-4D3B-474D-A466-05C8DD877BCC}.Debug|iPhone.Build.0 = Debug|Any CPU
		{FC237441-4D3B-474D-A466-05C8DD877BCC}.Debug|iPhone.Deploy.0 = Debug|Any CPU
		{FC237441-4D3B-474D-A466-05C8DD877BCC}.Debug|iPhoneSimulator.ActiveCfg = Debug|Any CPU
		{FC237441-4D3B-474D-A466-05C8DD877BCC}.Debug|iPhoneSimulator.Build.0 = Debug|Any CPU
		{FC237441-4D3B-474D-A466-05C8DD877BCC}.Debug|iPhoneSimulator.Deploy.0 = Debug|Any CPU
		{FC237441-4D3B-474D-A466-05C8DD877BCC}.Debug|x64.ActiveCfg = Debug|Any CPU
		{FC237441-4D3B-474D-A466-05C8DD877BCC}.Debug|x64.Build.0 = Debug|Any CPU
		{FC237441-4D3B-474D-A466-05C8DD877BCC}.Debug|x64.Deploy.0 = Debug|Any CPU
		{FC237441-4D3B-474D-A466-05C8DD877BCC}.Debug|x86.ActiveCfg = Debug|Any CPU
		{FC237441-4D3B-474D-A466-05C8DD877BCC}.Debug|x86.Build.0 = Debug|Any CPU
		{FC237441-4D3B-474D-A466-05C8DD877BCC}.Debug|x86.Deploy.0 = Debug|Any CPU
		{FC237441-4D3B-474D-A466-05C8DD877BCC}.Release|Any CPU.ActiveCfg = Release|Any CPU
		{FC237441-4D3B-474D-A466-05C8DD877BCC}.Release|Any CPU.Build.0 = Release|Any CPU
		{FC237441-4D3B-474D-A466-05C8DD877BCC}.Release|Any CPU.Deploy.0 = Release|Any CPU
		{FC237441-4D3B-474D-A466-05C8DD877BCC}.Release|ARM.ActiveCfg = Release|Any CPU
		{FC237441-4D3B-474D-A466-05C8DD877BCC}.Release|ARM.Build.0 = Release|Any CPU
		{FC237441-4D3B-474D-A466-05C8DD877BCC}.Release|ARM.Deploy.0 = Release|Any CPU
		{FC237441-4D3B-474D-A466-05C8DD877BCC}.Release|iPhone.ActiveCfg = Release|Any CPU
		{FC237441-4D3B-474D-A466-05C8DD877BCC}.Release|iPhone.Build.0 = Release|Any CPU
		{FC237441-4D3B-474D-A466-05C8DD877BCC}.Release|iPhone.Deploy.0 = Release|Any CPU
		{FC237441-4D3B-474D-A466-05C8DD877BCC}.Release|iPhoneSimulator.ActiveCfg = Release|Any CPU
		{FC237441-4D3B-474D-A466-05C8DD877BCC}.Release|iPhoneSimulator.Build.0 = Release|Any CPU
		{FC237441-4D3B-474D-A466-05C8DD877BCC}.Release|iPhoneSimulator.Deploy.0 = Release|Any CPU
		{FC237441-4D3B-474D-A466-05C8DD877BCC}.Release|x64.ActiveCfg = Release|Any CPU
		{FC237441-4D3B-474D-A466-05C8DD877BCC}.Release|x64.Build.0 = Release|Any CPU
		{FC237441-4D3B-474D-A466-05C8DD877BCC}.Release|x64.Deploy.0 = Release|Any CPU
		{FC237441-4D3B-474D-A466-05C8DD877BCC}.Release|x86.ActiveCfg = Release|Any CPU
		{FC237441-4D3B-474D-A466-05C8DD877BCC}.Release|x86.Build.0 = Release|Any CPU
		{FC237441-4D3B-474D-A466-05C8DD877BCC}.Release|x86.Deploy.0 = Release|Any CPU
		{33E0A005-5E50-4E06-A590-7FC5D8717952}.Debug|Any CPU.ActiveCfg = Debug|iPhoneSimulator
		{33E0A005-5E50-4E06-A590-7FC5D8717952}.Debug|Any CPU.Build.0 = Debug|iPhoneSimulator
		{33E0A005-5E50-4E06-A590-7FC5D8717952}.Debug|Any CPU.Deploy.0 = Debug|iPhoneSimulator
		{33E0A005-5E50-4E06-A590-7FC5D8717952}.Debug|ARM.ActiveCfg = Debug|iPhoneSimulator
		{33E0A005-5E50-4E06-A590-7FC5D8717952}.Debug|ARM.Build.0 = Debug|iPhoneSimulator
		{33E0A005-5E50-4E06-A590-7FC5D8717952}.Debug|ARM.Deploy.0 = Debug|iPhoneSimulator
		{33E0A005-5E50-4E06-A590-7FC5D8717952}.Debug|iPhone.ActiveCfg = Debug|iPhoneSimulator
		{33E0A005-5E50-4E06-A590-7FC5D8717952}.Debug|iPhone.Build.0 = Debug|iPhoneSimulator
		{33E0A005-5E50-4E06-A590-7FC5D8717952}.Debug|iPhone.Deploy.0 = Debug|iPhoneSimulator
		{33E0A005-5E50-4E06-A590-7FC5D8717952}.Debug|iPhoneSimulator.ActiveCfg = Debug|iPhoneSimulator
		{33E0A005-5E50-4E06-A590-7FC5D8717952}.Debug|iPhoneSimulator.Build.0 = Debug|iPhoneSimulator
		{33E0A005-5E50-4E06-A590-7FC5D8717952}.Debug|iPhoneSimulator.Deploy.0 = Debug|iPhoneSimulator
		{33E0A005-5E50-4E06-A590-7FC5D8717952}.Debug|x64.ActiveCfg = Debug|iPhone
		{33E0A005-5E50-4E06-A590-7FC5D8717952}.Debug|x64.Build.0 = Debug|iPhone
		{33E0A005-5E50-4E06-A590-7FC5D8717952}.Debug|x64.Deploy.0 = Debug|iPhone
		{33E0A005-5E50-4E06-A590-7FC5D8717952}.Debug|x86.ActiveCfg = Debug|iPhone
		{33E0A005-5E50-4E06-A590-7FC5D8717952}.Debug|x86.Build.0 = Debug|iPhone
		{33E0A005-5E50-4E06-A590-7FC5D8717952}.Debug|x86.Deploy.0 = Debug|iPhone
		{33E0A005-5E50-4E06-A590-7FC5D8717952}.Release|Any CPU.ActiveCfg = Release|iPhone
		{33E0A005-5E50-4E06-A590-7FC5D8717952}.Release|Any CPU.Build.0 = Release|iPhone
		{33E0A005-5E50-4E06-A590-7FC5D8717952}.Release|Any CPU.Deploy.0 = Release|iPhone
		{33E0A005-5E50-4E06-A590-7FC5D8717952}.Release|ARM.ActiveCfg = Release|iPhone
		{33E0A005-5E50-4E06-A590-7FC5D8717952}.Release|ARM.Build.0 = Release|iPhone
		{33E0A005-5E50-4E06-A590-7FC5D8717952}.Release|ARM.Deploy.0 = Release|iPhone
		{33E0A005-5E50-4E06-A590-7FC5D8717952}.Release|iPhone.ActiveCfg = Release|iPhone
		{33E0A005-5E50-4E06-A590-7FC5D8717952}.Release|iPhone.Build.0 = Release|iPhone
		{33E0A005-5E50-4E06-A590-7FC5D8717952}.Release|iPhone.Deploy.0 = Release|iPhone
		{33E0A005-5E50-4E06-A590-7FC5D8717952}.Release|iPhoneSimulator.ActiveCfg = Release|iPhoneSimulator
		{33E0A005-5E50-4E06-A590-7FC5D8717952}.Release|iPhoneSimulator.Build.0 = Release|iPhoneSimulator
		{33E0A005-5E50-4E06-A590-7FC5D8717952}.Release|iPhoneSimulator.Deploy.0 = Release|iPhoneSimulator
		{33E0A005-5E50-4E06-A590-7FC5D8717952}.Release|x64.ActiveCfg = Release|iPhone
		{33E0A005-5E50-4E06-A590-7FC5D8717952}.Release|x64.Build.0 = Release|iPhone
		{33E0A005-5E50-4E06-A590-7FC5D8717952}.Release|x64.Deploy.0 = Release|iPhone
		{33E0A005-5E50-4E06-A590-7FC5D8717952}.Release|x86.ActiveCfg = Release|iPhone
		{33E0A005-5E50-4E06-A590-7FC5D8717952}.Release|x86.Build.0 = Release|iPhone
		{33E0A005-5E50-4E06-A590-7FC5D8717952}.Release|x86.Deploy.0 = Release|iPhone
		{503C428E-9523-44E0-81BC-C9E329F51E21}.Debug|Any CPU.ActiveCfg = Debug|Any CPU
		{503C428E-9523-44E0-81BC-C9E329F51E21}.Debug|Any CPU.Build.0 = Debug|Any CPU
		{503C428E-9523-44E0-81BC-C9E329F51E21}.Debug|Any CPU.Deploy.0 = Debug|Any CPU
		{503C428E-9523-44E0-81BC-C9E329F51E21}.Debug|ARM.ActiveCfg = Debug|Any CPU
		{503C428E-9523-44E0-81BC-C9E329F51E21}.Debug|ARM.Build.0 = Debug|Any CPU
		{503C428E-9523-44E0-81BC-C9E329F51E21}.Debug|ARM.Deploy.0 = Debug|Any CPU
		{503C428E-9523-44E0-81BC-C9E329F51E21}.Debug|iPhone.ActiveCfg = Debug|Any CPU
		{503C428E-9523-44E0-81BC-C9E329F51E21}.Debug|iPhone.Build.0 = Debug|Any CPU
		{503C428E-9523-44E0-81BC-C9E329F51E21}.Debug|iPhone.Deploy.0 = Debug|Any CPU
		{503C428E-9523-44E0-81BC-C9E329F51E21}.Debug|iPhoneSimulator.ActiveCfg = Debug|Any CPU
		{503C428E-9523-44E0-81BC-C9E329F51E21}.Debug|iPhoneSimulator.Build.0 = Debug|Any CPU
		{503C428E-9523-44E0-81BC-C9E329F51E21}.Debug|iPhoneSimulator.Deploy.0 = Debug|Any CPU
		{503C428E-9523-44E0-81BC-C9E329F51E21}.Debug|x64.ActiveCfg = Debug|Any CPU
		{503C428E-9523-44E0-81BC-C9E329F51E21}.Debug|x64.Build.0 = Debug|Any CPU
		{503C428E-9523-44E0-81BC-C9E329F51E21}.Debug|x64.Deploy.0 = Debug|Any CPU
		{503C428E-9523-44E0-81BC-C9E329F51E21}.Debug|x86.ActiveCfg = Debug|Any CPU
		{503C428E-9523-44E0-81BC-C9E329F51E21}.Debug|x86.Build.0 = Debug|Any CPU
		{503C428E-9523-44E0-81BC-C9E329F51E21}.Debug|x86.Deploy.0 = Debug|Any CPU
		{503C428E-9523-44E0-81BC-C9E329F51E21}.Release|Any CPU.ActiveCfg = Release|Any CPU
		{503C428E-9523-44E0-81BC-C9E329F51E21}.Release|Any CPU.Build.0 = Release|Any CPU
		{503C428E-9523-44E0-81BC-C9E329F51E21}.Release|Any CPU.Deploy.0 = Release|Any CPU
		{503C428E-9523-44E0-81BC-C9E329F51E21}.Release|ARM.ActiveCfg = Release|Any CPU
		{503C428E-9523-44E0-81BC-C9E329F51E21}.Release|ARM.Build.0 = Release|Any CPU
		{503C428E-9523-44E0-81BC-C9E329F51E21}.Release|ARM.Deploy.0 = Release|Any CPU
		{503C428E-9523-44E0-81BC-C9E329F51E21}.Release|iPhone.ActiveCfg = Release|Any CPU
		{503C428E-9523-44E0-81BC-C9E329F51E21}.Release|iPhone.Build.0 = Release|Any CPU
		{503C428E-9523-44E0-81BC-C9E329F51E21}.Release|iPhone.Deploy.0 = Release|Any CPU
		{503C428E-9523-44E0-81BC-C9E329F51E21}.Release|iPhoneSimulator.ActiveCfg = Release|Any CPU
		{503C428E-9523-44E0-81BC-C9E329F51E21}.Release|iPhoneSimulator.Build.0 = Release|Any CPU
		{503C428E-9523-44E0-81BC-C9E329F51E21}.Release|iPhoneSimulator.Deploy.0 = Release|Any CPU
		{503C428E-9523-44E0-81BC-C9E329F51E21}.Release|x64.ActiveCfg = Release|Any CPU
		{503C428E-9523-44E0-81BC-C9E329F51E21}.Release|x64.Build.0 = Release|Any CPU
		{503C428E-9523-44E0-81BC-C9E329F51E21}.Release|x64.Deploy.0 = Release|Any CPU
		{503C428E-9523-44E0-81BC-C9E329F51E21}.Release|x86.ActiveCfg = Release|Any CPU
		{503C428E-9523-44E0-81BC-C9E329F51E21}.Release|x86.Build.0 = Release|Any CPU
		{503C428E-9523-44E0-81BC-C9E329F51E21}.Release|x86.Deploy.0 = Release|Any CPU
	EndGlobalSection
	GlobalSection(SolutionProperties) = preSolution
		HideSolutionNode = FALSE
	EndGlobalSection
	GlobalSection(ExtensibilityGlobals) = postSolution
		SolutionGuid = {5059D865-97B2-4D38-909A-9B35E778AA57}
	EndGlobalSection
EndGlobal
