
Microsoft Visual Studio Solution File, Format Version 12.00
# Visual Studio Version 16
VisualStudioVersion = 16.0.30104.148
MinimumVisualStudioVersion = 10.0.40219.1
Project("{FAE04EC0-301F-11D3-BF4B-00C04F79EFBC}") = "AppTarefa.UWP", "AppTarefa\AppTarefa.UWP\AppTarefa.UWP.csproj", "{F920850D-0A42-4439-877F-E050BD595A82}"
EndProject
Project("{FAE04EC0-301F-11D3-BF4B-00C04F79EFBC}") = "AppTarefa.Android", "AppTarefa\AppTarefa.Android\AppTarefa.Android.csproj", "{34E0D46E-32A4-4AD7-9B89-4152ED86ACB4}"
EndProject
Project("{FAE04EC0-301F-11D3-BF4B-00C04F79EFBC}") = "AppTarefa.iOS", "AppTarefa\AppTarefa.iOS\AppTarefa.iOS.csproj", "{42B5FA7C-7816-4BA0-AFC8-42F56ED721FB}"
EndProject
Project("{9A19103F-16F7-4668-BE54-9A1E7A4F7556}") = "AppTarefa", "AppTarefa\AppTarefa\AppTarefa.csproj", "{368077E3-0CC2-4BCC-B90E-8FF9F701C3ED}"
EndProject
Global
	GlobalSection(SolutionConfigurationPlatforms) = preSolution
		Debug|Any CPU = Debug|Any CPU
		Debug|ARM = Debug|ARM
		Debug|iPhone = Debug|iPhone
		Debug|iPhoneSimulator = Debug|iPhoneSimulator
		Debug|x64 = Debug|x64
		Debug|x86 = Debug|x86
		Release|Any CPU = Release|Any CPU
		Release|ARM = Release|ARM
		Release|iPhone = Release|iPhone
		Release|iPhoneSimulator = Release|iPhoneSimulator
		Release|x64 = Release|x64
		Release|x86 = Release|x86
	EndGlobalSection
	GlobalSection(ProjectConfigurationPlatforms) = postSolution
		{F920850D-0A42-4439-877F-E050BD595A82}.Debug|Any CPU.ActiveCfg = Debug|x86
		{F920850D-0A42-4439-877F-E050BD595A82}.Debug|Any CPU.Build.0 = Debug|x86
		{F920850D-0A42-4439-877F-E050BD595A82}.Debug|Any CPU.Deploy.0 = Debug|x86
		{F920850D-0A42-4439-877F-E050BD595A82}.Debug|ARM.ActiveCfg = Debug|ARM
		{F920850D-0A42-4439-877F-E050BD595A82}.Debug|ARM.Build.0 = Debug|ARM
		{F920850D-0A42-4439-877F-E050BD595A82}.Debug|ARM.Deploy.0 = Debug|ARM
		{F920850D-0A42-4439-877F-E050BD595A82}.Debug|iPhone.ActiveCfg = Debug|x86
		{F920850D-0A42-4439-877F-E050BD595A82}.Debug|iPhone.Build.0 = Debug|x86
		{F920850D-0A42-4439-877F-E050BD595A82}.Debug|iPhone.Deploy.0 = Debug|x86
		{F920850D-0A42-4439-877F-E050BD595A82}.Debug|iPhoneSimulator.ActiveCfg = Debug|x86
		{F920850D-0A42-4439-877F-E050BD595A82}.Debug|iPhoneSimulator.Build.0 = Debug|x86
		{F920850D-0A42-4439-877F-E050BD595A82}.Debug|iPhoneSimulator.Deploy.0 = Debug|x86
		{F920850D-0A42-4439-877F-E050BD595A82}.Debug|x64.ActiveCfg = Debug|x64
		{F920850D-0A42-4439-877F-E050BD595A82}.Debug|x64.Build.0 = Debug|x64
		{F920850D-0A42-4439-877F-E050BD595A82}.Debug|x64.Deploy.0 = Debug|x64
		{F920850D-0A42-4439-877F-E050BD595A82}.Debug|x86.ActiveCfg = Debug|x86
		{F920850D-0A42-4439-877F-E050BD595A82}.Debug|x86.Build.0 = Debug|x86
		{F920850D-0A42-4439-877F-E050BD595A82}.Debug|x86.Deploy.0 = Debug|x86
		{F920850D-0A42-4439-877F-E050BD595A82}.Release|Any CPU.ActiveCfg = Release|x86
		{F920850D-0A42-4439-877F-E050BD595A82}.Release|Any CPU.Build.0 = Release|x86
		{F920850D-0A42-4439-877F-E050BD595A82}.Release|Any CPU.Deploy.0 = Release|x86
		{F920850D-0A42-4439-877F-E050BD595A82}.Release|ARM.ActiveCfg = Release|ARM
		{F920850D-0A42-4439-877F-E050BD595A82}.Release|ARM.Build.0 = Release|ARM
		{F920850D-0A42-4439-877F-E050BD595A82}.Release|ARM.Deploy.0 = Release|ARM
		{F920850D-0A42-4439-877F-E050BD595A82}.Release|iPhone.ActiveCfg = Release|x86
		{F920850D-0A42-4439-877F-E050BD595A82}.Release|iPhone.Build.0 = Release|x86
		{F920850D-0A42-4439-877F-E050BD595A82}.Release|iPhone.Deploy.0 = Release|x86
		{F920850D-0A42-4439-877F-E050BD595A82}.Release|iPhoneSimulator.ActiveCfg = Release|x86
		{F920850D-0A42-4439-877F-E050BD595A82}.Release|iPhoneSimulator.Build.0 = Release|x86
		{F920850D-0A42-4439-877F-E050BD595A82}.Release|iPhoneSimulator.Deploy.0 = Release|x86
		{F920850D-0A42-4439-877F-E050BD595A82}.Release|x64.ActiveCfg = Release|x64
		{F920850D-0A42-4439-877F-E050BD595A82}.Release|x64.Build.0 = Release|x64
		{F920850D-0A42-4439-877F-E050BD595A82}.Release|x64.Deploy.0 = Release|x64
		{F920850D-0A42-4439-877F-E050BD595A82}.Release|x86.ActiveCfg = Release|x86
		{F920850D-0A42-4439-877F-E050BD595A82}.Release|x86.Build.0 = Release|x86
		{F920850D-0A42-4439-877F-E050BD595A82}.Release|x86.Deploy.0 = Release|x86
		{34E0D46E-32A4-4AD7-9B89-4152ED86ACB4}.Debug|Any CPU.ActiveCfg = Debug|Any CPU
		{34E0D46E-32A4-4AD7-9B89-4152ED86ACB4}.Debug|Any CPU.Build.0 = Debug|Any CPU
		{34E0D46E-32A4-4AD7-9B89-4152ED86ACB4}.Debug|Any CPU.Deploy.0 = Debug|Any CPU
		{34E0D46E-32A4-4AD7-9B89-4152ED86ACB4}.Debug|ARM.ActiveCfg = Debug|Any CPU
		{34E0D46E-32A4-4AD7-9B89-4152ED86ACB4}.Debug|ARM.Build.0 = Debug|Any CPU
		{34E0D46E-32A4-4AD7-9B89-4152ED86ACB4}.Debug|ARM.Deploy.0 = Debug|Any CPU
		{34E0D46E-32A4-4AD7-9B89-4152ED86ACB4}.Debug|iPhone.ActiveCfg = Debug|Any CPU
		{34E0D46E-32A4-4AD7-9B89-4152ED86ACB4}.Debug|iPhone.Build.0 = Debug|Any CPU
		{34E0D46E-32A4-4AD7-9B89-4152ED86ACB4}.Debug|iPhone.Deploy.0 = Debug|Any CPU
		{34E0D46E-32A4-4AD7-9B89-4152ED86ACB4}.Debug|iPhoneSimulator.ActiveCfg = Debug|Any CPU
		{34E0D46E-32A4-4AD7-9B89-4152ED86ACB4}.Debug|iPhoneSimulator.Build.0 = Debug|Any CPU
		{34E0D46E-32A4-4AD7-9B89-4152ED86ACB4}.Debug|iPhoneSimulator.Deploy.0 = Debug|Any CPU
		{34E0D46E-32A4-4AD7-9B89-4152ED86ACB4}.Debug|x64.ActiveCfg = Debug|Any CPU
		{34E0D46E-32A4-4AD7-9B89-4152ED86ACB4}.Debug|x64.Build.0 = Debug|Any CPU
		{34E0D46E-32A4-4AD7-9B89-4152ED86ACB4}.Debug|x64.Deploy.0 = Debug|Any CPU
		{34E0D46E-32A4-4AD7-9B89-4152ED86ACB4}.Debug|x86.ActiveCfg = Debug|Any CPU
		{34E0D46E-32A4-4AD7-9B89-4152ED86ACB4}.Debug|x86.Build.0 = Debug|Any CPU
		{34E0D46E-32A4-4AD7-9B89-4152ED86ACB4}.Debug|x86.Deploy.0 = Debug|Any CPU
		{34E0D46E-32A4-4AD7-9B89-4152ED86ACB4}.Release|Any CPU.ActiveCfg = Release|Any CPU
		{34E0D46E-32A4-4AD7-9B89-4152ED86ACB4}.Release|Any CPU.Build.0 = Release|Any CPU
		{34E0D46E-32A4-4AD7-9B89-4152ED86ACB4}.Release|Any CPU.Deploy.0 = Release|Any CPU
		{34E0D46E-32A4-4AD7-9B89-4152ED86ACB4}.Release|ARM.ActiveCfg = Release|Any CPU
		{34E0D46E-32A4-4AD7-9B89-4152ED86ACB4}.Release|ARM.Build.0 = Release|Any CPU
		{34E0D46E-32A4-4AD7-9B89-4152ED86ACB4}.Release|ARM.Deploy.0 = Release|Any CPU
		{34E0D46E-32A4-4AD7-9B89-4152ED86ACB4}.Release|iPhone.ActiveCfg = Release|Any CPU
		{34E0D46E-32A4-4AD7-9B89-4152ED86ACB4}.Release|iPhone.Build.0 = Release|Any CPU
		{34E0D46E-32A4-4AD7-9B89-4152ED86ACB4}.Release|iPhone.Deploy.0 = Release|Any CPU
		{34E0D46E-32A4-4AD7-9B89-4152ED86ACB4}.Release|iPhoneSimulator.ActiveCfg = Release|Any CPU
		{34E0D46E-32A4-4AD7-9B89-4152ED86ACB4}.Release|iPhoneSimulator.Build.0 = Release|Any CPU
		{34E0D46E-32A4-4AD7-9B89-4152ED86ACB4}.Release|iPhoneSimulator.Deploy.0 = Release|Any CPU
		{34E0D46E-32A4-4AD7-9B89-4152ED86ACB4}.Release|x64.ActiveCfg = Release|Any CPU
		{34E0D46E-32A4-4AD7-9B89-4152ED86ACB4}.Release|x64.Build.0 = Release|Any CPU
		{34E0D46E-32A4-4AD7-9B89-4152ED86ACB4}.Release|x64.Deploy.0 = Release|Any CPU
		{34E0D46E-32A4-4AD7-9B89-4152ED86ACB4}.Release|x86.ActiveCfg = Release|Any CPU
		{34E0D46E-32A4-4AD7-9B89-4152ED86ACB4}.Release|x86.Build.0 = Release|Any CPU
		{34E0D46E-32A4-4AD7-9B89-4152ED86ACB4}.Release|x86.Deploy.0 = Release|Any CPU
		{42B5FA7C-7816-4BA0-AFC8-42F56ED721FB}.Debug|Any CPU.ActiveCfg = Debug|iPhoneSimulator
		{42B5FA7C-7816-4BA0-AFC8-42F56ED721FB}.Debug|Any CPU.Build.0 = Debug|iPhoneSimulator
		{42B5FA7C-7816-4BA0-AFC8-42F56ED721FB}.Debug|Any CPU.Deploy.0 = Debug|iPhoneSimulator
		{42B5FA7C-7816-4BA0-AFC8-42F56ED721FB}.Debug|ARM.ActiveCfg = Debug|iPhone
		{42B5FA7C-7816-4BA0-AFC8-42F56ED721FB}.Debug|ARM.Build.0 = Debug|iPhone
		{42B5FA7C-7816-4BA0-AFC8-42F56ED721FB}.Debug|ARM.Deploy.0 = Debug|iPhone
		{42B5FA7C-7816-4BA0-AFC8-42F56ED721FB}.Debug|iPhone.ActiveCfg = Debug|iPhoneSimulator
		{42B5FA7C-7816-4BA0-AFC8-42F56ED721FB}.Debug|iPhone.Build.0 = Debug|iPhoneSimulator
		{42B5FA7C-7816-4BA0-AFC8-42F56ED721FB}.Debug|iPhone.Deploy.0 = Debug|iPhoneSimulator
		{42B5FA7C-7816-4BA0-AFC8-42F56ED721FB}.Debug|iPhoneSimulator.ActiveCfg = Debug|iPhoneSimulator
		{42B5FA7C-7816-4BA0-AFC8-42F56ED721FB}.Debug|iPhoneSimulator.Build.0 = Debug|iPhoneSimulator
		{42B5FA7C-7816-4BA0-AFC8-42F56ED721FB}.Debug|iPhoneSimulator.Deploy.0 = Debug|iPhoneSimulator
		{42B5FA7C-7816-4BA0-AFC8-42F56ED721FB}.Debug|x64.ActiveCfg = Debug|iPhone
		{42B5FA7C-7816-4BA0-AFC8-42F56ED721FB}.Debug|x64.Build.0 = Debug|iPhone
		{42B5FA7C-7816-4BA0-AFC8-42F56ED721FB}.Debug|x64.Deploy.0 = Debug|iPhone
		{42B5FA7C-7816-4BA0-AFC8-42F56ED721FB}.Debug|x86.ActiveCfg = Debug|iPhone
		{42B5FA7C-7816-4BA0-AFC8-42F56ED721FB}.Debug|x86.Build.0 = Debug|iPhone
		{42B5FA7C-7816-4BA0-AFC8-42F56ED721FB}.Debug|x86.Deploy.0 = Debug|iPhone
		{42B5FA7C-7816-4BA0-AFC8-42F56ED721FB}.Release|Any CPU.ActiveCfg = Release|iPhone
		{42B5FA7C-7816-4BA0-AFC8-42F56ED721FB}.Release|Any CPU.Build.0 = Release|iPhone
		{42B5FA7C-7816-4BA0-AFC8-42F56ED721FB}.Release|Any CPU.Deploy.0 = Release|iPhone
		{42B5FA7C-7816-4BA0-AFC8-42F56ED721FB}.Release|ARM.ActiveCfg = Release|iPhone
		{42B5FA7C-7816-4BA0-AFC8-42F56ED721FB}.Release|ARM.Build.0 = Release|iPhone
		{42B5FA7C-7816-4BA0-AFC8-42F56ED721FB}.Release|ARM.Deploy.0 = Release|iPhone
		{42B5FA7C-7816-4BA0-AFC8-42F56ED721FB}.Release|iPhone.ActiveCfg = Release|iPhone
		{42B5FA7C-7816-4BA0-AFC8-42F56ED721FB}.Release|iPhone.Build.0 = Release|iPhone
		{42B5FA7C-7816-4BA0-AFC8-42F56ED721FB}.Release|iPhone.Deploy.0 = Release|iPhone
		{42B5FA7C-7816-4BA0-AFC8-42F56ED721FB}.Release|iPhoneSimulator.ActiveCfg = Release|iPhoneSimulator
		{42B5FA7C-7816-4BA0-AFC8-42F56ED721FB}.Release|iPhoneSimulator.Build.0 = Release|iPhoneSimulator
		{42B5FA7C-7816-4BA0-AFC8-42F56ED721FB}.Release|iPhoneSimulator.Deploy.0 = Release|iPhoneSimulator
		{42B5FA7C-7816-4BA0-AFC8-42F56ED721FB}.Release|x64.ActiveCfg = Release|iPhone
		{42B5FA7C-7816-4BA0-AFC8-42F56ED721FB}.Release|x64.Build.0 = Release|iPhone
		{42B5FA7C-7816-4BA0-AFC8-42F56ED721FB}.Release|x64.Deploy.0 = Release|iPhone
		{42B5FA7C-7816-4BA0-AFC8-42F56ED721FB}.Release|x86.ActiveCfg = Release|iPhone
		{42B5FA7C-7816-4BA0-AFC8-42F56ED721FB}.Release|x86.Build.0 = Release|iPhone
		{42B5FA7C-7816-4BA0-AFC8-42F56ED721FB}.Release|x86.Deploy.0 = Release|iPhone
		{368077E3-0CC2-4BCC-B90E-8FF9F701C3ED}.Debug|Any CPU.ActiveCfg = Debug|Any CPU
		{368077E3-0CC2-4BCC-B90E-8FF9F701C3ED}.Debug|Any CPU.Build.0 = Debug|Any CPU
		{368077E3-0CC2-4BCC-B90E-8FF9F701C3ED}.Debug|Any CPU.Deploy.0 = Debug|Any CPU
		{368077E3-0CC2-4BCC-B90E-8FF9F701C3ED}.Debug|ARM.ActiveCfg = Debug|Any CPU
		{368077E3-0CC2-4BCC-B90E-8FF9F701C3ED}.Debug|ARM.Build.0 = Debug|Any CPU
		{368077E3-0CC2-4BCC-B90E-8FF9F701C3ED}.Debug|ARM.Deploy.0 = Debug|Any CPU
		{368077E3-0CC2-4BCC-B90E-8FF9F701C3ED}.Debug|iPhone.ActiveCfg = Debug|Any CPU
		{368077E3-0CC2-4BCC-B90E-8FF9F701C3ED}.Debug|iPhone.Build.0 = Debug|Any CPU
		{368077E3-0CC2-4BCC-B90E-8FF9F701C3ED}.Debug|iPhone.Deploy.0 = Debug|Any CPU
		{368077E3-0CC2-4BCC-B90E-8FF9F701C3ED}.Debug|iPhoneSimulator.ActiveCfg = Debug|Any CPU
		{368077E3-0CC2-4BCC-B90E-8FF9F701C3ED}.Debug|iPhoneSimulator.Build.0 = Debug|Any CPU
		{368077E3-0CC2-4BCC-B90E-8FF9F701C3ED}.Debug|iPhoneSimulator.Deploy.0 = Debug|Any CPU
		{368077E3-0CC2-4BCC-B90E-8FF9F701C3ED}.Debug|x64.ActiveCfg = Debug|Any CPU
		{368077E3-0CC2-4BCC-B90E-8FF9F701C3ED}.Debug|x64.Build.0 = Debug|Any CPU
		{368077E3-0CC2-4BCC-B90E-8FF9F701C3ED}.Debug|x64.Deploy.0 = Debug|Any CPU
		{368077E3-0CC2-4BCC-B90E-8FF9F701C3ED}.Debug|x86.ActiveCfg = Debug|Any CPU
		{368077E3-0CC2-4BCC-B90E-8FF9F701C3ED}.Debug|x86.Build.0 = Debug|Any CPU
		{368077E3-0CC2-4BCC-B90E-8FF9F701C3ED}.Debug|x86.Deploy.0 = Debug|Any CPU
		{368077E3-0CC2-4BCC-B90E-8FF9F701C3ED}.Release|Any CPU.ActiveCfg = Release|Any CPU
		{368077E3-0CC2-4BCC-B90E-8FF9F701C3ED}.Release|Any CPU.Build.0 = Release|Any CPU
		{368077E3-0CC2-4BCC-B90E-8FF9F701C3ED}.Release|Any CPU.Deploy.0 = Release|Any CPU
		{368077E3-0CC2-4BCC-B90E-8FF9F701C3ED}.Release|ARM.ActiveCfg = Release|Any CPU
		{368077E3-0CC2-4BCC-B90E-8FF9F701C3ED}.Release|ARM.Build.0 = Release|Any CPU
		{368077E3-0CC2-4BCC-B90E-8FF9F701C3ED}.Release|ARM.Deploy.0 = Release|Any CPU
		{368077E3-0CC2-4BCC-B90E-8FF9F701C3ED}.Release|iPhone.ActiveCfg = Release|Any CPU
		{368077E3-0CC2-4BCC-B90E-8FF9F701C3ED}.Release|iPhone.Build.0 = Release|Any CPU
		{368077E3-0CC2-4BCC-B90E-8FF9F701C3ED}.Release|iPhone.Deploy.0 = Release|Any CPU
		{368077E3-0CC2-4BCC-B90E-8FF9F701C3ED}.Release|iPhoneSimulator.ActiveCfg = Release|Any CPU
		{368077E3-0CC2-4BCC-B90E-8FF9F701C3ED}.Release|iPhoneSimulator.Build.0 = Release|Any CPU
		{368077E3-0CC2-4BCC-B90E-8FF9F701C3ED}.Release|iPhoneSimulator.Deploy.0 = Release|Any CPU
		{368077E3-0CC2-4BCC-B90E-8FF9F701C3ED}.Release|x64.ActiveCfg = Release|Any CPU
		{368077E3-0CC2-4BCC-B90E-8FF9F701C3ED}.Release|x64.Build.0 = Release|Any CPU
		{368077E3-0CC2-4BCC-B90E-8FF9F701C3ED}.Release|x64.Deploy.0 = Release|Any CPU
		{368077E3-0CC2-4BCC-B90E-8FF9F701C3ED}.Release|x86.ActiveCfg = Release|Any CPU
		{368077E3-0CC2-4BCC-B90E-8FF9F701C3ED}.Release|x86.Build.0 = Release|Any CPU
		{368077E3-0CC2-4BCC-B90E-8FF9F701C3ED}.Release|x86.Deploy.0 = Release|Any CPU
	EndGlobalSection
	GlobalSection(SolutionProperties) = preSolution
		HideSolutionNode = FALSE
	EndGlobalSection
	GlobalSection(ExtensibilityGlobals) = postSolution
		SolutionGuid = {B9A67EAA-2E04-44B7-9C5B-9E01C0EA83AB}
	EndGlobalSection
EndGlobal
